# THIS IS AN AUTOGENERATED FILE. DO NOT EDIT THIS FILE DIRECTLY.
# yarn lockfile v1


esbuild-wasm@^0.19.2:
  version "0.19.2"
  resolved "https://registry.npmmirror.com/esbuild-wasm/-/esbuild-wasm-0.19.2.tgz#046c39a6ef28b937fd8f847edaf767f32ca02ffc"
  integrity sha512-ak2XIIJKby+Uo3Iqh8wtw4pn2uZcnfLgtcmBHIgkShpun5ZIJsFigWXp7uLt7gXk3QAOCMmv0TSsIxD5qdn+Vw==
